// !$*UTF8*$!
{
	archiveVersion = 1;
	classes = {
	};
	objectVersion = 50;
	objects = {

/* Begin PBXBuildFile section */
		EAF921D124DE81C400ADE30E /* AppDelegate.swift in Sources */ = {isa = PBXBuildFile; fileRef = EAF921D024DE81C400ADE30E /* AppDelegate.swift */; };
		EAF921D324DE81C400ADE30E /* SceneDelegate.swift in Sources */ = {isa = PBXBuildFile; fileRef = EAF921D224DE81C400ADE30E /* SceneDelegate.swift */; };
		EAF921D524DE81C400ADE30E /* ContentView.swift in Sources */ = {isa = PBXBuildFile; fileRef = EAF921D424DE81C400ADE30E /* ContentView.swift */; };
		EAF921D724DE81C600ADE30E /* Assets.xcassets in Resources */ = {isa = PBXBuildFile; fileRef = EAF921D624DE81C600ADE30E /* Assets.xcassets */; };
		EAF921DA24DE81C600ADE30E /* Preview Assets.xcassets in Resources */ = {isa = PBXBuildFile; fileRef = EAF921D924DE81C600ADE30E /* Preview Assets.xcassets */; };
		EAF921DD24DE81C600ADE30E /* LaunchScreen.storyboard in Resources */ = {isa = PBXBuildFile; fileRef = EAF921DB24DE81C600ADE30E /* LaunchScreen.storyboard */; };
		EAF921E824DE81C600ADE30E /* WeSplitTests.swift in Sources */ = {isa = PBXBuildFile; fileRef = EAF921E724DE81C600ADE30E /* WeSplitTests.swift */; };
		EAF921F324DE81C600ADE30E /* WeSplitUITests.swift in Sources */ = {isa = PBXBuildFile; fileRef = EAF921F224DE81C600ADE30E /* WeSplitUITests.swift */; };
/* End PBXBuildFile section */

/* Begin PBXContainerItemProxy section */
		EAF921E424DE81C600ADE30E /* PBXContainerItemProxy */ = {
			isa = PBXContainerItemProxy;
			containerPortal = EAF921C524DE81C300ADE30E /* Project object */;
			proxyType = 1;
			remoteGlobalIDString = EAF921CC24DE81C300ADE30E;
			remoteInfo = WeSplit;
		};
		EAF921EF24DE81C600ADE30E /* PBXContainerItemProxy */ = {
			isa = PBXContainerItemProxy;
			containerPortal = EAF921C524DE81C300ADE30E /* Project object */;
			proxyType = 1;
			remoteGlobalIDString = EAF921CC24DE81C300ADE30E;
			remoteInfo = WeSplit;
		};
/* End PBXContainerItemProxy section */

/* Begin PBXFileReference section */
		EAF921CD24DE81C300ADE30E /* WeSplit.app */ = {isa = PBXFileReference; explicitFileType = wrapper.application; includeInIndex = 0; path = WeSplit.app; sourceTree = BUILT_PRODUCTS_DIR; };
		EAF921D024DE81C400ADE30E /* AppDelegate.swift */ = {isa = PBXFileReference; lastKnownFileType = sourcecode.swift; path = AppDelegate.swift; sourceTree = "<group>"; };
		EAF921D224DE81C400ADE30E /* SceneDelegate.swift */ = {isa = PBXFileReference; lastKnownFileType = sourcecode.swift; path = SceneDelegate.swift; sourceTree = "<group>"; };
		EAF921D424DE81C400ADE30E /* ContentView.swift */ = {isa = PBXFileReference; lastKnownFileType = sourcecode.swift; path = ContentView.swift; sourceTree = "<group>"; };
		EAF921D624DE81C600ADE30E /* Assets.xcassets */ = {isa = PBXFileReference; lastKnownFileType = folder.assetcatalog; path = Assets.xcassets; sourceTree = "<group>"; };
		EAF921D924DE81C600ADE30E /* Preview Assets.xcassets */ = {isa = PBXFileReference; lastKnownFileType = folder.assetcatalog; path = "Preview Assets.xcassets"; sourceTree = "<group>"; };
		EAF921DC24DE81C600ADE30E /* Base */ = {isa = PBXFileReference; lastKnownFileType = file.storyboard; name = Base; path = Base.lproj/LaunchScreen.storyboard; sourceTree = "<group>"; };
		EAF921DE24DE81C600ADE30E /* Info.plist */ = {isa = PBXFileReference; lastKnownFileType = text.plist.xml; path = Info.plist; sourceTree = "<group>"; };
		EAF921E324DE81C600ADE30E /* WeSplitTests.xctest */ = {isa = PBXFileReference; explicitFileType = wrapper.cfbundle; includeInIndex = 0; path = WeSplitTests.xctest; sourceTree = BUILT_PRODUCTS_DIR; };
		EAF921E724DE81C600ADE30E /* WeSplitTests.swift */ = {isa = PBXFileReference; lastKnownFileType = sourcecode.swift; path = WeSplitTests.swift; sourceTree = "<group>"; };
		EAF921E924DE81C600ADE30E /* Info.plist */ = {isa = PBXFileReference; lastKnownFileType = text.plist.xml; path = Info.plist; sourceTree = "<group>"; };
		EAF921EE24DE81C600ADE30E /* WeSplitUITests.xctest */ = {isa = PBXFileReference; explicitFileType = wrapper.cfbundle; includeInIndex = 0; path = WeSplitUITests.xctest; sourceTree = BUILT_PRODUCTS_DIR; };
		EAF921F224DE81C600ADE30E /* WeSplitUITests.swift */ = {isa = PBXFileReference; lastKnownFileType = sourcecode.swift; path = WeSplitUITests.swift; sourceTree = "<group>"; };
		EAF921F424DE81C600ADE30E /* Info.plist */ = {isa = PBXFileReference; lastKnownFileType = text.plist.xml; path = Info.plist; sourceTree = "<group>"; };
/* End PBXFileReference section */

/* Begin PBXFrameworksBuildPhase section */
		EAF921CA24DE81C300ADE30E /* Frameworks */ = {
			isa = PBXFrameworksBuildPhase;
			buildActionMask = 2147483647;
			files = (
			);
			runOnlyForDeploymentPostprocessing = 0;
		};
		EAF921E024DE81C600ADE30E /* Frameworks */ = {
			isa = PBXFrameworksBuildPhase;
			buildActionMask = 2147483647;
			files = (
			);
			runOnlyForDeploymentPostprocessing = 0;
		};
		EAF921EB24DE81C600ADE30E /* Frameworks */ = {
			isa = PBXFrameworksBuildPhase;
			buildActionMask = 2147483647;
			files = (
			);
			runOnlyForDeploymentPostprocessing = 0;
		};
/* End PBXFrameworksBuildPhase section */

/* Begin PBXGroup section */
		EAF921C424DE81C300ADE30E = {
			isa = PBXGroup;
			children = (
				EAF921CF24DE81C300ADE30E /* WeSplit */,
				EAF921E624DE81C600ADE30E /* WeSplitTests */,
				EAF921F124DE81C600ADE30E /* WeSplitUITests */,
				EAF921CE24DE81C300ADE30E /* Products */,
			);
			sourceTree = "<group>";
		};
		EAF921CE24DE81C300ADE30E /* Products */ = {
			isa = PBXGroup;
			children = (
				EAF921CD24DE81C300ADE30E /* WeSplit.app */,
				EAF921E324DE81C600ADE30E /* WeSplitTests.xctest */,
				EAF921EE24DE81C600ADE30E /* WeSplitUITests.xctest */,
			);
			name = Products;
			sourceTree = "<group>";
		};
		EAF921CF24DE81C300ADE30E /* WeSplit */ = {
			isa = PBXGroup;
			children = (
				EAF921D024DE81C400ADE30E /* AppDelegate.swift */,
				EAF921D224DE81C400ADE30E /* SceneDelegate.swift */,
				EAF921D424DE81C400ADE30E /* ContentView.swift */,
				EAF921D624DE81C600ADE30E /* Assets.xcassets */,
				EAF921DB24DE81C600ADE30E /* LaunchScreen.storyboard */,
				EAF921DE24DE81C600ADE30E /* Info.plist */,
				EAF921D824DE81C600ADE30E /* Preview Content */,
			);
			path = WeSplit;
			sourceTree = "<group>";
		};
		EAF921D824DE81C600ADE30E /* Preview Content */ = {
			isa = PBXGroup;
			children = (
				EAF921D924DE81C600ADE30E /* Preview Assets.xcassets */,
			);
			path = "Preview Content";
			sourceTree = "<group>";
		};
		EAF921E624DE81C600ADE30E /* WeSplitTests */ = {
			isa = PBXGroup;
			children = (
				EAF921E724DE81C600ADE30E /* WeSplitTests.swift */,
				EAF921E924DE81C600ADE30E /* Info.plist */,
			);
			path = WeSplitTests;
			sourceTree = "<group>";
		};
		EAF921F124DE81C600ADE30E /* WeSplitUITests */ = {
			isa = PBXGroup;
			children = (
				EAF921F224DE81C600ADE30E /* WeSplitUITests.swift */,
				EAF921F424DE81C600ADE30E /* Info.plist */,
			);
			path = WeSplitUITests;
			sourceTree = "<group>";
		};
/* End PBXGroup section */

/* Begin PBXNativeTarget section */
		EAF921CC24DE81C300ADE30E /* WeSplit */ = {
			isa = PBXNativeTarget;
			buildConfigurationList = EAF921F724DE81C600ADE30E /* Build configuration list for PBXNativeTarget "WeSplit" */;
			buildPhases = (
				EAF921C924DE81C300ADE30E /* Sources */,
				EAF921CA24DE81C300ADE30E /* Frameworks */,
				EAF921CB24DE81C300ADE30E /* Resources */,
			);
			buildRules = (
			);
			dependencies = (
			);
			name = WeSplit;
			productName = WeSplit;
			productReference = EAF921CD24DE81C300ADE30E /* WeSplit.app */;
			productType = "com.apple.product-type.application";
		};
		EAF921E224DE81C600ADE30E /* WeSplitTests */ = {
			isa = PBXNativeTarget;
			buildConfigurationList = EAF921FA24DE81C600ADE30E /* Build configuration list for PBXNativeTarget "WeSplitTests" */;
			buildPhases = (
				EAF921DF24DE81C600ADE30E /* Sources */,
				EAF921E024DE81C600ADE30E /* Frameworks */,
				EAF921E124DE81C600ADE30E /* Resources */,
			);
			buildRules = (
			);
			dependencies = (
				EAF921E524DE81C600ADE30E /* PBXTargetDependency */,
			);
			name = WeSplitTests;
			productName = WeSplitTests;
			productReference = EAF921E324DE81C600ADE30E /* WeSplitTests.xctest */;
			productType = "com.apple.product-type.bundle.unit-test";
		};
		EAF921ED24DE81C600ADE30E /* WeSplitUITests */ = {
			isa = PBXNativeTarget;
			buildConfigurationList = EAF921FD24DE81C600ADE30E /* Build configuration list for PBXNativeTarget "WeSplitUITests" */;
			buildPhases = (
				EAF921EA24DE81C600ADE30E /* Sources */,
				EAF921EB24DE81C600ADE30E /* Frameworks */,
				EAF921EC24DE81C600ADE30E /* Resources */,
			);
			buildRules = (
			);
			dependencies = (
				EAF921F024DE81C600ADE30E /* PBXTargetDependency */,
			);
			name = WeSplitUITests;
			productName = WeSplitUITests;
			productReference = EAF921EE24DE81C600ADE30E /* WeSplitUITests.xctest */;
			productType = "com.apple.product-type.bundle.ui-testing";
		};
/* End PBXNativeTarget section */

/* Begin PBXProject section */
		EAF921C524DE81C300ADE30E /* Project object */ = {
			isa = PBXProject;
			attributes = {
				LastSwiftUpdateCheck = 1130;
				LastUpgradeCheck = 1130;
				ORGANIZATIONNAME = "Mayuresh Rao";
				TargetAttributes = {
					EAF921CC24DE81C300ADE30E = {
						CreatedOnToolsVersion = 11.3.1;
					};
					EAF921E224DE81C600ADE30E = {
						CreatedOnToolsVersion = 11.3.1;
						TestTargetID = EAF921CC24DE81C300ADE30E;
					};
					EAF921ED24DE81C600ADE30E = {
						CreatedOnToolsVersion = 11.3.1;
						TestTargetID = EAF921CC24DE81C300ADE30E;
					};
				};
			};
			buildConfigurationList = EAF921C824DE81C300ADE30E /* Build configuration list for PBXProject "WeSplit" */;
			compatibilityVersion = "Xcode 9.3";
			developmentRegion = en;
			hasScannedForEncodings = 0;
			knownRegions = (
				en,
				Base,
			);
			mainGroup = EAF921C424DE81C300ADE30E;
			productRefGroup = EAF921CE24DE81C300ADE30E /* Products */;
			projectDirPath = "";
			projectRoot = "";
			targets = (
				EAF921CC24DE81C300ADE30E /* WeSplit */,
				EAF921E224DE81C600ADE30E /* WeSplitTests */,
				EAF921ED24DE81C600ADE30E /* WeSplitUITests */,
			);
		};
/* End PBXProject section */

/* Begin PBXResourcesBuildPhase section */
		EAF921CB24DE81C300ADE30E /* Resources */ = {
			isa = PBXResourcesBuildPhase;
			buildActionMask = 2147483647;
			files = (
				EAF921DD24DE81C600ADE30E /* LaunchScreen.storyboard in Resources */,
				EAF921DA24DE81C600ADE30E /* Preview Assets.xcassets in Resources */,
				EAF921D724DE81C600ADE30E /* Assets.xcassets in Resources */,
			);
			runOnlyForDeploymentPostprocessing = 0;
		};
		EAF921E124DE81C600ADE30E /* Resources */ = {
			isa = PBXResourcesBuildPhase;
			buildActionMask = 2147483647;
			files = (
			);
			runOnlyForDeploymentPostprocessing = 0;
		};
		EAF921EC24DE81C600ADE30E /* Resources */ = {
			isa = PBXResourcesBuildPhase;
			buildActionMask = 2147483647;
			files = (
			);
			runOnlyForDeploymentPostprocessing = 0;
		};
/* End PBXResourcesBuildPhase section */

/* Begin PBXSourcesBuildPhase section */
		EAF921C924DE81C300ADE30E /* Sources */ = {
			isa = PBXSourcesBuildPhase;
			buildActionMask = 2147483647;
			files = (
				EAF921D124DE81C400ADE30E /* AppDelegate.swift in Sources */,
				EAF921D324DE81C400ADE30E /* SceneDelegate.swift in Sources */,
				EAF921D524DE81C400ADE30E /* ContentView.swift in Sources */,
			);
			runOnlyForDeploymentPostprocessing = 0;
		};
		EAF921DF24DE81C600ADE30E /* Sources */ = {
			isa = PBXSourcesBuildPhase;
			buildActionMask = 2147483647;
			files = (
				EAF921E824DE81C600ADE30E /* WeSplitTests.swift in Sources */,
			);
			runOnlyForDeploymentPostprocessing = 0;
		};
		EAF921EA24DE81C600ADE30E /* Sources */ = {
			isa = PBXSourcesBuildPhase;
			buildActionMask = 2147483647;
			files = (
				EAF921F324DE81C600ADE30E /* WeSplitUITests.swift in Sources */,
			);
			runOnlyForDeploymentPostprocessing = 0;
		};
/* End PBXSourcesBuildPhase section */

/* Begin PBXTargetDependency section */
		EAF921E524DE81C600ADE30E /* PBXTargetDependency */ = {
			isa = PBXTargetDependency;
			target = EAF921CC24DE81C300ADE30E /* WeSplit */;
			targetProxy = EAF921E424DE81C600ADE30E /* PBXContainerItemProxy */;
		};
		EAF921F024DE81C600ADE30E /* PBXTargetDependency */ = {
			isa = PBXTargetDependency;
			target = EAF921CC24DE81C300ADE30E /* WeSplit */;
			targetProxy = EAF921EF24DE81C600ADE30E /* PBXContainerItemProxy */;
		};
/* End PBXTargetDependency section */

/* Begin PBXVariantGroup section */
		EAF921DB24DE81C600ADE30E /* LaunchScreen.storyboard */ = {
			isa = PBXVariantGroup;
			children = (
				EAF921DC24DE81C600ADE30E /* Base */,
			);
			name = LaunchScreen.storyboard;
			sourceTree = "<group>";
		};
/* End PBXVariantGroup section */

/* Begin XCBuildConfiguration section */
		EAF921F524DE81C600ADE30E /* Debug */ = {
			isa = XCBuildConfiguration;
			buildSettings = {
				ALWAYS_SEARCH_USER_PATHS = NO;
				CLANG_ANALYZER_NONNULL = YES;
				CLANG_ANALYZER_NUMBER_OBJECT_CONVERSION = YES_AGGRESSIVE;
				CLANG_CXX_LANGUAGE_STANDARD = "gnu++14";
				CLANG_CXX_LIBRARY = "libc++";
				CLANG_ENABLE_MODULES = YES;
				CLANG_ENABLE_OBJC_ARC = YES;
				CLANG_ENABLE_OBJC_WEAK = YES;
				CLANG_WARN_BLOCK_CAPTURE_AUTORELEASING = YES;
				CLANG_WARN_BOOL_CONVERSION = YES;
				CLANG_WARN_COMMA = YES;
				CLANG_WARN_CONSTANT_CONVERSION = YES;
				CLANG_WARN_DEPRECATED_OBJC_IMPLEMENTATIONS = YES;
				CLANG_WARN_DIRECT_OBJC_ISA_USAGE = YES_ERROR;
				CLANG_WARN_DOCUMENTATION_COMMENTS = YES;
				CLANG_WARN_EMPTY_BODY = YES;
				CLANG_WARN_ENUM_CONVERSION = YES;
				CLANG_WARN_INFINITE_RECURSION = YES;
				CLANG_WARN_INT_CONVERSION = YES;
				CLANG_WARN_NON_LITERAL_NULL_CONVERSION = YES;
				CLANG_WARN_OBJC_IMPLICIT_RETAIN_SELF = YES;
				CLANG_WARN_OBJC_LITERAL_CONVERSION = YES;
				CLANG_WARN_OBJC_ROOT_CLASS = YES_ERROR;
				CLANG_WARN_RANGE_LOOP_ANALYSIS = YES;
				CLANG_WARN_STRICT_PROTOTYPES = YES;
				CLANG_WARN_SUSPICIOUS_MOVE = YES;
				CLANG_WARN_UNGUARDED_AVAILABILITY = YES_AGGRESSIVE;
				CLANG_WARN_UNREACHABLE_CODE = YES;
				CLANG_WARN__DUPLICATE_METHOD_MATCH = YES;
				COPY_PHASE_STRIP = NO;
				DEBUG_INFORMATION_FORMAT = dwarf;
				ENABLE_STRICT_OBJC_MSGSEND = YES;
				ENABLE_TESTABILITY = YES;
				GCC_C_LANGUAGE_STANDARD = gnu11;
				GCC_DYNAMIC_NO_PIC = NO;
				GCC_NO_COMMON_BLOCKS = YES;
				GCC_OPTIMIZATION_LEVEL = 0;
				GCC_PREPROCESSOR_DEFINITIONS = (
					"DEBUG=1",
					"$(inherited)",
				);
				GCC_WARN_64_TO_32_BIT_CONVERSION = YES;
				GCC_WARN_ABOUT_RETURN_TYPE = YES_ERROR;
				GCC_WARN_UNDECLARED_SELECTOR = YES;
				GCC_WARN_UNINITIALIZED_AUTOS = YES_AGGRESSIVE;
				GCC_WARN_UNUSED_FUNCTION = YES;
				GCC_WARN_UNUSED_VARIABLE = YES;
				IPHONEOS_DEPLOYMENT_TARGET = 13.2;
				MTL_ENABLE_DEBUG_INFO = INCLUDE_SOURCE;
				MTL_FAST_MATH = YES;
				ONLY_ACTIVE_ARCH = YES;
				SDKROOT = iphoneos;
				SWIFT_ACTIVE_COMPILATION_CONDITIONS = DEBUG;
				SWIFT_OPTIMIZATION_LEVEL = "-Onone";
			};
			name = Debug;
		};
		EAF921F624DE81C600ADE30E /* Release */ = {
			isa = XCBuildConfiguration;
			buildSettings = {
				ALWAYS_SEARCH_USER_PATHS = NO;
				CLANG_ANALYZER_NONNULL = YES;
				CLANG_ANALYZER_NUMBER_OBJECT_CONVERSION = YES_AGGRESSIVE;
				CLANG_CXX_LANGUAGE_STANDARD = "gnu++14";
				CLANG_CXX_LIBRARY = "libc++";
				CLANG_ENABLE_MODULES = YES;
				CLANG_ENABLE_OBJC_ARC = YES;
				CLANG_ENABLE_OBJC_WEAK = YES;
				CLANG_WARN_BLOCK_CAPTURE_AUTORELEASING = YES;
				CLANG_WARN_BOOL_CONVERSION = YES;
				CLANG_WARN_COMMA = YES;
				CLANG_WARN_CONSTANT_CONVERSION = YES;
				CLANG_WARN_DEPRECATED_OBJC_IMPLEMENTATIONS = YES;
				CLANG_WARN_DIRECT_OBJC_ISA_USAGE = YES_ERROR;
				CLANG_WARN_DOCUMENTATION_COMMENTS = YES;
				CLANG_WARN_EMPTY_BODY = YES;
				CLANG_WARN_ENUM_CONVERSION = YES;
				CLANG_WARN_INFINITE_RECURSION = YES;
				CLANG_WARN_INT_CONVERSION = YES;
				CLANG_WARN_NON_LITERAL_NULL_CONVERSION = YES;
				CLANG_WARN_OBJC_IMPLICIT_RETAIN_SELF = YES;
				CLANG_WARN_OBJC_LITERAL_CONVERSION = YES;
				CLANG_WARN_OBJC_ROOT_CLASS = YES_ERROR;
				CLANG_WARN_RANGE_LOOP_ANALYSIS = YES;
				CLANG_WARN_STRICT_PROTOTYPES = YES;
				CLANG_WARN_SUSPICIOUS_MOVE = YES;
				CLANG_WARN_UNGUARDED_AVAILABILITY = YES_AGGRESSIVE;
				CLANG_WARN_UNREACHABLE_CODE = YES;
				CLANG_WARN__DUPLICATE_METHOD_MATCH = YES;
				COPY_PHASE_STRIP = NO;
				DEBUG_INFORMATION_FORMAT = "dwarf-with-dsym";
				ENABLE_NS_ASSERTIONS = NO;
				ENABLE_STRICT_OBJC_MSGSEND = YES;
				GCC_C_LANGUAGE_STANDARD = gnu11;
				GCC_NO_COMMON_BLOCKS = YES;
				GCC_WARN_64_TO_32_BIT_CONVERSION = YES;
				GCC_WARN_ABOUT_RETURN_TYPE = YES_ERROR;
				GCC_WARN_UNDECLARED_SELECTOR = YES;
				GCC_WARN_UNINITIALIZED_AUTOS = YES_AGGRESSIVE;
				GCC_WARN_UNUSED_FUNCTION = YES;
				GCC_WARN_UNUSED_VARIABLE = YES;
				IPHONEOS_DEPLOYMENT_TARGET = 13.2;
				MTL_ENABLE_DEBUG_INFO = NO;
				MTL_FAST_MATH = YES;
				SDKROOT = iphoneos;
				SWIFT_COMPILATION_MODE = wholemodule;
				SWIFT_OPTIMIZATION_LEVEL = "-O";
				VALIDATE_PRODUCT = YES;
			};
			name = Release;
		};
		EAF921F824DE81C600ADE30E /* Debug */ = {
			isa = XCBuildConfiguration;
			buildSettings = {
				ASSETCATALOG_COMPILER_APPICON_NAME = AppIcon;
				CODE_SIGN_STYLE = Automatic;
				DEVELOPMENT_ASSET_PATHS = "\"WeSplit/Preview Content\"";
				DEVELOPMENT_TEAM = 5EEQXBZ866;
				ENABLE_PREVIEWS = YES;
				INFOPLIST_FILE = WeSplit/Info.plist;
				LD_RUNPATH_SEARCH_PATHS = (
					"$(inherited)",
					"@executable_path/Frameworks",
				);
				PRODUCT_BUNDLE_IDENTIFIER = com.mayu.ue.WeSplit;
				PRODUCT_NAME = "$(TARGET_NAME)";
				SWIFT_VERSION = 5.0;
				TARGETED_DEVICE_FAMILY = "1,2";
			};
			name = Debug;
		};
		EAF921F924DE81C600ADE30E /* Release */ = {
			isa = XCBuildConfiguration;
			buildSettings = {
				ASSETCATALOG_COMPILER_APPICON_NAME = AppIcon;
				CODE_SIGN_STYLE = Automatic;
				DEVELOPMENT_ASSET_PATHS = "\"WeSplit/Preview Content\"";
				DEVELOPMENT_TEAM = 5EEQXBZ866;
				ENABLE_PREVIEWS = YES;
				INFOPLIST_FILE = WeSplit/Info.plist;
				LD_RUNPATH_SEARCH_PATHS = (
					"$(inherited)",
					"@executable_path/Frameworks",
				);
				PRODUCT_BUNDLE_IDENTIFIER = com.mayu.ue.WeSplit;
				PRODUCT_NAME = "$(TARGET_NAME)";
				SWIFT_VERSION = 5.0;
				TARGETED_DEVICE_FAMILY = "1,2";
			};
			name = Release;
		};
		EAF921FB24DE81C600ADE30E /* Debug */ = {
			isa = XCBuildConfiguration;
			buildSettings = {
				ALWAYS_EMBED_SWIFT_STANDARD_LIBRARIES = YES;
				BUNDLE_LOADER = "$(TEST_HOST)";
				CODE_SIGN_STYLE = Automatic;
				DEVELOPMENT_TEAM = 5EEQXBZ866;
				INFOPLIST_FILE = WeSplitTests/Info.plist;
				IPHONEOS_DEPLOYMENT_TARGET = 13.2;
				LD_RUNPATH_SEARCH_PATHS = (
					"$(inherited)",
					"@executable_path/Frameworks",
					"@loader_path/Frameworks",
				);
				PRODUCT_BUNDLE_IDENTIFIER = com.mayu.ue.WeSplitTests;
				PRODUCT_NAME = "$(TARGET_NAME)";
				SWIFT_VERSION = 5.0;
				TARGETED_DEVICE_FAMILY = "1,2";
				TEST_HOST = "$(BUILT_PRODUCTS_DIR)/WeSplit.app/WeSplit";
			};
			name = Debug;
		};
		EAF921FC24DE81C600ADE30E /* Release */ = {
			isa = XCBuildConfiguration;
			buildSettings = {
				ALWAYS_EMBED_SWIFT_STANDARD_LIBRARIES = YES;
				BUNDLE_LOADER = "$(TEST_HOST)";
				CODE_SIGN_STYLE = Automatic;
				DEVELOPMENT_TEAM = 5EEQXBZ866;
				INFOPLIST_FILE = WeSplitTests/Info.plist;
				IPHONEOS_DEPLOYMENT_TARGET = 13.2;
				LD_RUNPATH_SEARCH_PATHS = (
					"$(inherited)",
					"@executable_path/Frameworks",
					"@loader_path/Frameworks",
				);
				PRODUCT_BUNDLE_IDENTIFIER = com.mayu.ue.WeSplitTests;
				PRODUCT_NAME = "$(TARGET_NAME)";
				SWIFT_VERSION = 5.0;
				TARGETED_DEVICE_FAMILY = "1,2";
				TEST_HOST = "$(BUILT_PRODUCTS_DIR)/WeSplit.app/WeSplit";
			};
			name = Release;
		};
		EAF921FE24DE81C600ADE30E /* Debug */ = {
			isa = XCBuildConfiguration;
			buildSettings = {
				ALWAYS_EMBED_SWIFT_STANDARD_LIBRARIES = YES;
				CODE_SIGN_STYLE = Automatic;
				DEVELOPMENT_TEAM = 5EEQXBZ866;
				INFOPLIST_FILE = WeSplitUITests/Info.plist;
				LD_RUNPATH_SEARCH_PATHS = (
					"$(inherited)",
					"@executable_path/Frameworks",
					"@loader_path/Frameworks",
				);
				PRODUCT_BUNDLE_IDENTIFIER = com.mayu.ue.WeSplitUITests;
				PRODUCT_NAME = "$(TARGET_NAME)";
				SWIFT_VERSION = 5.0;
				TARGETED_DEVICE_FAMILY = "1,2";
				TEST_TARGET_NAME = WeSplit;
			};
			name = Debug;
		};
		EAF921FF24DE81C600ADE30E /* Release */ = {
			isa = XCBuildConfiguration;
			buildSettings = {
				ALWAYS_EMBED_SWIFT_STANDARD_LIBRARIES = YES;
				CODE_SIGN_STYLE = Automatic;
				DEVELOPMENT_TEAM = 5EEQXBZ866;
				INFOPLIST_FILE = WeSplitUITests/Info.plist;
				LD_RUNPATH_SEARCH_PATHS = (
					"$(inherited)",
					"@executable_path/Frameworks",
					"@loader_path/Frameworks",
				);
				PRODUCT_BUNDLE_IDENTIFIER = com.mayu.ue.WeSplitUITests;
				PRODUCT_NAME = "$(TARGET_NAME)";
				SWIFT_VERSION = 5.0;
				TARGETED_DEVICE_FAMILY = "1,2";
				TEST_TARGET_NAME = WeSplit;
			};
			name = Release;
		};
/* End XCBuildConfiguration section */

/* Begin XCConfigurationList section */
		EAF921C824DE81C300ADE30E /* Build configuration list for PBXProject "WeSplit" */ = {
			isa = XCConfigurationList;
			buildConfigurations = (
				EAF921F524DE81C600ADE30E /* Debug */,
				EAF921F624DE81C600ADE30E /* Release */,
			);
			defaultConfigurationIsVisible = 0;
			defaultConfigurationName = Release;
		};
		EAF921F724DE81C600ADE30E /* Build configuration list for PBXNativeTarget "WeSplit" */ = {
			isa = XCConfigurationList;
			buildConfigurations = (
				EAF921F824DE81C600ADE30E /* Debug */,
				EAF921F924DE81C600ADE30E /* Release */,
			);
			defaultConfigurationIsVisible = 0;
			defaultConfigurationName = Release;
		};
		EAF921FA24DE81C600ADE30E /* Build configuration list for PBXNativeTarget "WeSplitTests" */ = {
			isa = XCConfigurationList;
			buildConfigurations = (
				EAF921FB24DE81C600ADE30E /* Debug */,
				EAF921FC24DE81C600ADE30E /* Release */,
			);
			defaultConfigurationIsVisible = 0;
			defaultConfigurationName = Release;
		};
		EAF921FD24DE81C600ADE30E /* Build configuration list for PBXNativeTarget "WeSplitUITests" */ = {
			isa = XCConfigurationList;
			buildConfigurations = (
				EAF921FE24DE81C600ADE30E /* Debug */,
				EAF921FF24DE81C600ADE30E /* Release */,
			);
			defaultConfigurationIsVisible = 0;
			defaultConfigurationName = Release;
		};
/* End XCConfigurationList section */
	};
	rootObject = EAF921C524DE81C300ADE30E /* Project object */;
}
